
Microsoft Visual Studio Solution File, Format Version 12.00
# Visual Studio Version 16
VisualStudioVersion = 16.0.31702.278
MinimumVisualStudioVersion = 10.0.40219.1
Project("{FAE04EC0-301F-11D3-BF4B-00C04F79EFBC}") = "Segundo", "Segundo\Segundo.csproj", "{A7539880-9252-45A7-993A-D8F92FBB0A95}"
EndProject
Global
	GlobalSection(SolutionConfigurationPlatforms) = preSolution
		Debug|Any CPU = Debug|Any CPU
		Release|Any CPU = Release|Any CPU
	EndGlobalSection
	GlobalSection(ProjectConfigurationPlatforms) = postSolution
		{A7539880-9252-45A7-993A-D8F92FBB0A95}.Debug|Any CPU.ActiveCfg = Debug|Any CPU
		{A7539880-9252-45A7-993A-D8F92FBB0A95}.Debug|Any CPU.Build.0 = Debug|Any CPU
		{A7539880-9252-45A7-993A-D8F92FBB0A95}.Release|Any CPU.ActiveCfg = Release|Any CPU
		{A7539880-9252-45A7-993A-D8F92FBB0A95}.Release|Any CPU.Build.0 = Release|Any CPU
	EndGlobalSection
	GlobalSection(SolutionProperties) = preSolution
		HideSolutionNode = FALSE
	EndGlobalSection
	GlobalSection(ExtensibilityGlobals) = postSolution
		SolutionGuid = {B2B7A364-C57C-4E4D-8E3C-14662DA59802}
	EndGlobalSection
EndGlobal
