
Microsoft Visual Studio Solution File, Format Version 12.00
# Visual Studio Version 16
VisualStudioVersion = 16.0.31702.278
MinimumVisualStudioVersion = 10.0.40219.1
Project("{FAE04EC0-301F-11D3-BF4B-00C04F79EFBC}") = "Primeiro", "Primeiro\Primeiro.csproj", "{AF414A19-C0A1-465B-B50D-073A4A72176D}"
EndProject
Global
	GlobalSection(SolutionConfigurationPlatforms) = preSolution
		Debug|Any CPU = Debug|Any CPU
		Release|Any CPU = Release|Any CPU
	EndGlobalSection
	GlobalSection(ProjectConfigurationPlatforms) = postSolution
		{AF414A19-C0A1-465B-B50D-073A4A72176D}.Debug|Any CPU.ActiveCfg = Debug|Any CPU
		{AF414A19-C0A1-465B-B50D-073A4A72176D}.Debug|Any CPU.Build.0 = Debug|Any CPU
		{AF414A19-C0A1-465B-B50D-073A4A72176D}.Release|Any CPU.ActiveCfg = Release|Any CPU
		{AF414A19-C0A1-465B-B50D-073A4A72176D}.Release|Any CPU.Build.0 = Release|Any CPU
	EndGlobalSection
	GlobalSection(SolutionProperties) = preSolution
		HideSolutionNode = FALSE
	EndGlobalSection
	GlobalSection(ExtensibilityGlobals) = postSolution
		SolutionGuid = {1FB60669-E7CB-4EC7-B32B-B12111518543}
	EndGlobalSection
EndGlobal
